
Microsoft Visual Studio Solution File, Format Version 12.00
# Visual Studio Version 17
VisualStudioVersion = 17.13.35919.96 d17.13
MinimumVisualStudioVersion = 10.0.40219.1
Project("{FAE04EC0-301F-11D3-BF4B-00C04F79EFBC}") = "Lab 2.8", "Lab 2.8.csproj", "{0390716C-DD76-4CE2-8D93-CD7C98B52439}"
EndProject
Global
	GlobalSection(SolutionConfigurationPlatforms) = preSolution
		Debug|Any CPU = Debug|Any CPU
		Release|Any CPU = Release|Any CPU
	EndGlobalSection
	GlobalSection(ProjectConfigurationPlatforms) = postSolution
		{0390716C-DD76-4CE2-8D93-CD7C98B52439}.Debug|Any CPU.ActiveCfg = Debug|Any CPU
		{0390716C-DD76-4CE2-8D93-CD7C98B52439}.Debug|Any CPU.Build.0 = Debug|Any CPU
		{0390716C-DD76-4CE2-8D93-CD7C98B52439}.Release|Any CPU.ActiveCfg = Release|Any CPU
		{0390716C-DD76-4CE2-8D93-CD7C98B52439}.Release|Any CPU.Build.0 = Release|Any CPU
	EndGlobalSection
	GlobalSection(SolutionProperties) = preSolution
		HideSolutionNode = FALSE
	EndGlobalSection
	GlobalSection(ExtensibilityGlobals) = postSolution
		SolutionGuid = {F0CA069A-0A2D-4CF5-B74A-E30FD7C7EC14}
	EndGlobalSection
EndGlobal
